
Microsoft Visual Studio Solution File, Format Version 12.00
# Visual Studio Version 17
VisualStudioVersion = 17.9.34902.65
MinimumVisualStudioVersion = 10.0.40219.1
Project("{FAE04EC0-301F-11D3-BF4B-00C04F79EFBC}") = "BouncingBall", "BouncingBall\BouncingBall.csproj", "{09D486BA-C712-4BEB-AC4A-90642968BC97}"
EndProject
Global
	GlobalSection(SolutionConfigurationPlatforms) = preSolution
		Debug|Any CPU = Debug|Any CPU
		Release|Any CPU = Release|Any CPU
	EndGlobalSection
	GlobalSection(ProjectConfigurationPlatforms) = postSolution
		{09D486BA-C712-4BEB-AC4A-90642968BC97}.Debug|Any CPU.ActiveCfg = Debug|Any CPU
		{09D486BA-C712-4BEB-AC4A-90642968BC97}.Debug|Any CPU.Build.0 = Debug|Any CPU
		{09D486BA-C712-4BEB-AC4A-90642968BC97}.Release|Any CPU.ActiveCfg = Release|Any CPU
		{09D486BA-C712-4BEB-AC4A-90642968BC97}.Release|Any CPU.Build.0 = Release|Any CPU
	EndGlobalSection
	GlobalSection(SolutionProperties) = preSolution
		HideSolutionNode = FALSE
	EndGlobalSection
	GlobalSection(ExtensibilityGlobals) = postSolution
		SolutionGuid = {88AAA9E1-695C-41C2-9FBD-C387F11E4954}
	EndGlobalSection
EndGlobal
